
Microsoft Visual Studio Solution File, Format Version 12.00
# Visual Studio Version 17
VisualStudioVersion = 17.14.36414.22 d17.14
MinimumVisualStudioVersion = 10.0.40219.1
Project("{FAE04EC0-301F-11D3-BF4B-00C04F79EFBC}") = "InsuranceBillingApp", "InsuranceBillingApp\InsuranceBillingApp.csproj", "{244059E7-C193-4A7D-98D4-13BC5467105D}"
EndProject
Global
	GlobalSection(SolutionConfigurationPlatforms) = preSolution
		Debug|Any CPU = Debug|Any CPU
		Release|Any CPU = Release|Any CPU
	EndGlobalSection
	GlobalSection(ProjectConfigurationPlatforms) = postSolution
		{244059E7-C193-4A7D-98D4-13BC5467105D}.Debug|Any CPU.ActiveCfg = Debug|Any CPU
		{244059E7-C193-4A7D-98D4-13BC5467105D}.Debug|Any CPU.Build.0 = Debug|Any CPU
		{244059E7-C193-4A7D-98D4-13BC5467105D}.Release|Any CPU.ActiveCfg = Release|Any CPU
		{244059E7-C193-4A7D-98D4-13BC5467105D}.Release|Any CPU.Build.0 = Release|Any CPU
	EndGlobalSection
	GlobalSection(SolutionProperties) = preSolution
		HideSolutionNode = FALSE
	EndGlobalSection
	GlobalSection(ExtensibilityGlobals) = postSolution
		SolutionGuid = {046D9539-A251-48C2-A750-650A955025CA}
	EndGlobalSection
EndGlobal
